// !$*UTF8*$!
{
	archiveVersion = 1;
	classes = {
	};
	objectVersion = 55;
	objects = {

/* Begin PBXBuildFile section */
		99770CDA27188783004EAA90 /* QuotesViewModel.swift in Sources */ = {isa = PBXBuildFile; fileRef = 99770CD927188783004EAA90 /* QuotesViewModel.swift */; };
		99770CDF2718A28E004EAA90 /* LoadingView.swift in Sources */ = {isa = PBXBuildFile; fileRef = 99770CDE2718A28E004EAA90 /* LoadingView.swift */; };
		99EE6A102718642B00B0F613 /* SwiftUI_StarterApp.swift in Sources */ = {isa = PBXBuildFile; fileRef = 99EE6A0F2718642B00B0F613 /* SwiftUI_StarterApp.swift */; };
		99EE6A122718642B00B0F613 /* ContentView.swift in Sources */ = {isa = PBXBuildFile; fileRef = 99EE6A112718642B00B0F613 /* ContentView.swift */; };
		99EE6A142718643200B0F613 /* Assets.xcassets in Resources */ = {isa = PBXBuildFile; fileRef = 99EE6A132718643200B0F613 /* Assets.xcassets */; };
		99EE6A172718643200B0F613 /* Preview Assets.xcassets in Resources */ = {isa = PBXBuildFile; fileRef = 99EE6A162718643200B0F613 /* Preview Assets.xcassets */; };
		99EE6A2E271865C500B0F613 /* QuotesScreen.swift in Sources */ = {isa = PBXBuildFile; fileRef = 99EE6A2B271865C500B0F613 /* QuotesScreen.swift */; };
		99EE6A2F271865C500B0F613 /* Quote.swift in Sources */ = {isa = PBXBuildFile; fileRef = 99EE6A2D271865C500B0F613 /* Quote.swift */; };
		99EE6A32271865D600B0F613 /* APIConstants.swift in Sources */ = {isa = PBXBuildFile; fileRef = 99EE6A31271865D600B0F613 /* APIConstants.swift */; };
		99EE6A352718679C00B0F613 /* QuoteView.swift in Sources */ = {isa = PBXBuildFile; fileRef = 99EE6A342718679C00B0F613 /* QuoteView.swift */; };
		99EE6A3827186D7000B0F613 /* QuoteService.swift in Sources */ = {isa = PBXBuildFile; fileRef = 99EE6A3727186D6C00B0F613 /* QuoteService.swift */; };
/* End PBXBuildFile section */

/* Begin PBXFileReference section */
		99770CD927188783004EAA90 /* QuotesViewModel.swift */ = {isa = PBXFileReference; lastKnownFileType = sourcecode.swift; path = QuotesViewModel.swift; sourceTree = "<group>"; };
		99770CDE2718A28E004EAA90 /* LoadingView.swift */ = {isa = PBXFileReference; lastKnownFileType = sourcecode.swift; path = LoadingView.swift; sourceTree = "<group>"; };
		99EE6A0C2718642B00B0F613 /* SwiftUI Starter.app */ = {isa = PBXFileReference; explicitFileType = wrapper.application; includeInIndex = 0; path = "SwiftUI Starter.app"; sourceTree = BUILT_PRODUCTS_DIR; };
		99EE6A0F2718642B00B0F613 /* SwiftUI_StarterApp.swift */ = {isa = PBXFileReference; lastKnownFileType = sourcecode.swift; path = SwiftUI_StarterApp.swift; sourceTree = "<group>"; };
		99EE6A112718642B00B0F613 /* ContentView.swift */ = {isa = PBXFileReference; lastKnownFileType = sourcecode.swift; path = ContentView.swift; sourceTree = "<group>"; };
		99EE6A132718643200B0F613 /* Assets.xcassets */ = {isa = PBXFileReference; lastKnownFileType = folder.assetcatalog; path = Assets.xcassets; sourceTree = "<group>"; };
		99EE6A162718643200B0F613 /* Preview Assets.xcassets */ = {isa = PBXFileReference; lastKnownFileType = folder.assetcatalog; path = "Preview Assets.xcassets"; sourceTree = "<group>"; };
		99EE6A2B271865C500B0F613 /* QuotesScreen.swift */ = {isa = PBXFileReference; fileEncoding = 4; lastKnownFileType = sourcecode.swift; path = QuotesScreen.swift; sourceTree = "<group>"; };
		99EE6A2D271865C500B0F613 /* Quote.swift */ = {isa = PBXFileReference; fileEncoding = 4; lastKnownFileType = sourcecode.swift; path = Quote.swift; sourceTree = "<group>"; };
		99EE6A31271865D600B0F613 /* APIConstants.swift */ = {isa = PBXFileReference; fileEncoding = 4; lastKnownFileType = sourcecode.swift; path = APIConstants.swift; sourceTree = "<group>"; };
		99EE6A342718679C00B0F613 /* QuoteView.swift */ = {isa = PBXFileReference; lastKnownFileType = sourcecode.swift; name = QuoteView.swift; path = ../../../../../QuoteView.swift; sourceTree = "<group>"; };
		99EE6A3727186D6C00B0F613 /* QuoteService.swift */ = {isa = PBXFileReference; lastKnownFileType = sourcecode.swift; path = QuoteService.swift; sourceTree = "<group>"; };
/* End PBXFileReference section */

/* Begin PBXFrameworksBuildPhase section */
		99EE6A092718642B00B0F613 /* Frameworks */ = {
			isa = PBXFrameworksBuildPhase;
			buildActionMask = 2147483647;
			files = (
			);
			runOnlyForDeploymentPostprocessing = 0;
		};
/* End PBXFrameworksBuildPhase section */

/* Begin PBXGroup section */
		99770CD82718874C004EAA90 /* ViewModel */ = {
			isa = PBXGroup;
			children = (
				99770CD927188783004EAA90 /* QuotesViewModel.swift */,
			);
			path = ViewModel;
			sourceTree = "<group>";
		};
		99770CDB2718A215004EAA90 /* Base */ = {
			isa = PBXGroup;
			children = (
				99770CDC2718A240004EAA90 /* Views */,
				99EE6A30271865D600B0F613 /* Constants */,
			);
			path = Base;
			sourceTree = "<group>";
		};
		99770CDC2718A240004EAA90 /* Views */ = {
			isa = PBXGroup;
			children = (
				99770CDD2718A259004EAA90 /* Loading */,
			);
			path = Views;
			sourceTree = "<group>";
		};
		99770CDD2718A259004EAA90 /* Loading */ = {
			isa = PBXGroup;
			children = (
				99770CDE2718A28E004EAA90 /* LoadingView.swift */,
			);
			path = Loading;
			sourceTree = "<group>";
		};
		99EE6A032718642B00B0F613 = {
			isa = PBXGroup;
			children = (
				99EE6A0F2718642B00B0F613 /* SwiftUI_StarterApp.swift */,
				99EE6A0E2718642B00B0F613 /* SwiftUI Starter */,
				99EE6A0D2718642B00B0F613 /* Products */,
			);
			sourceTree = "<group>";
		};
		99EE6A0D2718642B00B0F613 /* Products */ = {
			isa = PBXGroup;
			children = (
				99EE6A0C2718642B00B0F613 /* SwiftUI Starter.app */,
			);
			name = Products;
			sourceTree = "<group>";
		};
		99EE6A0E2718642B00B0F613 /* SwiftUI Starter */ = {
			isa = PBXGroup;
			children = (
				99770CDB2718A215004EAA90 /* Base */,
				99EE6A28271865C500B0F613 /* Feature */,
				99EE6A112718642B00B0F613 /* ContentView.swift */,
				99EE6A132718643200B0F613 /* Assets.xcassets */,
				99EE6A152718643200B0F613 /* Preview Content */,
			);
			path = "SwiftUI Starter";
			sourceTree = "<group>";
		};
		99EE6A152718643200B0F613 /* Preview Content */ = {
			isa = PBXGroup;
			children = (
				99EE6A162718643200B0F613 /* Preview Assets.xcassets */,
			);
			path = "Preview Content";
			sourceTree = "<group>";
		};
		99EE6A28271865C500B0F613 /* Feature */ = {
			isa = PBXGroup;
			children = (
				99EE6A29271865C500B0F613 /* Quotes */,
			);
			path = Feature;
			sourceTree = "<group>";
		};
		99EE6A29271865C500B0F613 /* Quotes */ = {
			isa = PBXGroup;
			children = (
				99770CD82718874C004EAA90 /* ViewModel */,
				99EE6A3627186CEB00B0F613 /* Service */,
				99EE6A332718675A00B0F613 /* View */,
				99EE6A2A271865C500B0F613 /* Screen */,
				99EE6A2C271865C500B0F613 /* Model */,
			);
			path = Quotes;
			sourceTree = "<group>";
		};
		99EE6A2A271865C500B0F613 /* Screen */ = {
			isa = PBXGroup;
			children = (
				99EE6A2B271865C500B0F613 /* QuotesScreen.swift */,
			);
			path = Screen;
			sourceTree = "<group>";
		};
		99EE6A2C271865C500B0F613 /* Model */ = {
			isa = PBXGroup;
			children = (
				99EE6A2D271865C500B0F613 /* Quote.swift */,
			);
			path = Model;
			sourceTree = "<group>";
		};
		99EE6A30271865D600B0F613 /* Constants */ = {
			isa = PBXGroup;
			children = (
				99EE6A31271865D600B0F613 /* APIConstants.swift */,
			);
			path = Constants;
			sourceTree = "<group>";
		};
		99EE6A332718675A00B0F613 /* View */ = {
			isa = PBXGroup;
			children = (
				99EE6A342718679C00B0F613 /* QuoteView.swift */,
			);
			path = View;
			sourceTree = "<group>";
		};
		99EE6A3627186CEB00B0F613 /* Service */ = {
			isa = PBXGroup;
			children = (
				99EE6A3727186D6C00B0F613 /* QuoteService.swift */,
			);
			path = Service;
			sourceTree = "<group>";
		};
/* End PBXGroup section */

/* Begin PBXNativeTarget section */
		99EE6A0B2718642B00B0F613 /* SwiftUI Starter */ = {
			isa = PBXNativeTarget;
			buildConfigurationList = 99EE6A1A2718643200B0F613 /* Build configuration list for PBXNativeTarget "SwiftUI Starter" */;
			buildPhases = (
				99EE6A082718642B00B0F613 /* Sources */,
				99EE6A092718642B00B0F613 /* Frameworks */,
				99EE6A0A2718642B00B0F613 /* Resources */,
			);
			buildRules = (
			);
			dependencies = (
			);
			name = "SwiftUI Starter";
			productName = "SwiftUI Starter";
			productReference = 99EE6A0C2718642B00B0F613 /* SwiftUI Starter.app */;
			productType = "com.apple.product-type.application";
		};
/* End PBXNativeTarget section */

/* Begin PBXProject section */
		99EE6A042718642B00B0F613 /* Project object */ = {
			isa = PBXProject;
			attributes = {
				BuildIndependentTargetsInParallel = 1;
				LastSwiftUpdateCheck = 1300;
				LastUpgradeCheck = 1300;
				TargetAttributes = {
					99EE6A0B2718642B00B0F613 = {
						CreatedOnToolsVersion = 13.0;
					};
				};
			};
			buildConfigurationList = 99EE6A072718642B00B0F613 /* Build configuration list for PBXProject "SwiftUI Starter" */;
			compatibilityVersion = "Xcode 13.0";
			developmentRegion = en;
			hasScannedForEncodings = 0;
			knownRegions = (
				en,
				Base,
			);
			mainGroup = 99EE6A032718642B00B0F613;
			productRefGroup = 99EE6A0D2718642B00B0F613 /* Products */;
			projectDirPath = "";
			projectRoot = "";
			targets = (
				99EE6A0B2718642B00B0F613 /* SwiftUI Starter */,
			);
		};
/* End PBXProject section */

/* Begin PBXResourcesBuildPhase section */
		99EE6A0A2718642B00B0F613 /* Resources */ = {
			isa = PBXResourcesBuildPhase;
			buildActionMask = 2147483647;
			files = (
				99EE6A172718643200B0F613 /* Preview Assets.xcassets in Resources */,
				99EE6A142718643200B0F613 /* Assets.xcassets in Resources */,
			);
			runOnlyForDeploymentPostprocessing = 0;
		};
/* End PBXResourcesBuildPhase section */

/* Begin PBXSourcesBuildPhase section */
		99EE6A082718642B00B0F613 /* Sources */ = {
			isa = PBXSourcesBuildPhase;
			buildActionMask = 2147483647;
			files = (
				99EE6A3827186D7000B0F613 /* QuoteService.swift in Sources */,
				99EE6A2F271865C500B0F613 /* Quote.swift in Sources */,
				99EE6A352718679C00B0F613 /* QuoteView.swift in Sources */,
				99EE6A32271865D600B0F613 /* APIConstants.swift in Sources */,
				99EE6A2E271865C500B0F613 /* QuotesScreen.swift in Sources */,
				99770CDA27188783004EAA90 /* QuotesViewModel.swift in Sources */,
				99EE6A122718642B00B0F613 /* ContentView.swift in Sources */,
				99EE6A102718642B00B0F613 /* SwiftUI_StarterApp.swift in Sources */,
				99770CDF2718A28E004EAA90 /* LoadingView.swift in Sources */,
			);
			runOnlyForDeploymentPostprocessing = 0;
		};
/* End PBXSourcesBuildPhase section */

/* Begin XCBuildConfiguration section */
		99EE6A182718643200B0F613 /* Debug */ = {
			isa = XCBuildConfiguration;
			buildSettings = {
				ALWAYS_SEARCH_USER_PATHS = NO;
				CLANG_ANALYZER_NONNULL = YES;
				CLANG_ANALYZER_NUMBER_OBJECT_CONVERSION = YES_AGGRESSIVE;
				CLANG_CXX_LANGUAGE_STANDARD = "gnu++17";
				CLANG_CXX_LIBRARY = "libc++";
				CLANG_ENABLE_MODULES = YES;
				CLANG_ENABLE_OBJC_ARC = YES;
				CLANG_ENABLE_OBJC_WEAK = YES;
				CLANG_WARN_BLOCK_CAPTURE_AUTORELEASING = YES;
				CLANG_WARN_BOOL_CONVERSION = YES;
				CLANG_WARN_COMMA = YES;
				CLANG_WARN_CONSTANT_CONVERSION = YES;
				CLANG_WARN_DEPRECATED_OBJC_IMPLEMENTATIONS = YES;
				CLANG_WARN_DIRECT_OBJC_ISA_USAGE = YES_ERROR;
				CLANG_WARN_DOCUMENTATION_COMMENTS = YES;
				CLANG_WARN_EMPTY_BODY = YES;
				CLANG_WARN_ENUM_CONVERSION = YES;
				CLANG_WARN_INFINITE_RECURSION = YES;
				CLANG_WARN_INT_CONVERSION = YES;
				CLANG_WARN_NON_LITERAL_NULL_CONVERSION = YES;
				CLANG_WARN_OBJC_IMPLICIT_RETAIN_SELF = YES;
				CLANG_WARN_OBJC_LITERAL_CONVERSION = YES;
				CLANG_WARN_OBJC_ROOT_CLASS = YES_ERROR;
				CLANG_WARN_QUOTED_INCLUDE_IN_FRAMEWORK_HEADER = YES;
				CLANG_WARN_RANGE_LOOP_ANALYSIS = YES;
				CLANG_WARN_STRICT_PROTOTYPES = YES;
				CLANG_WARN_SUSPICIOUS_MOVE = YES;
				CLANG_WARN_UNGUARDED_AVAILABILITY = YES_AGGRESSIVE;
				CLANG_WARN_UNREACHABLE_CODE = YES;
				CLANG_WARN__DUPLICATE_METHOD_MATCH = YES;
				COPY_PHASE_STRIP = NO;
				DEBUG_INFORMATION_FORMAT = dwarf;
				ENABLE_STRICT_OBJC_MSGSEND = YES;
				ENABLE_TESTABILITY = YES;
				GCC_C_LANGUAGE_STANDARD = gnu11;
				GCC_DYNAMIC_NO_PIC = NO;
				GCC_NO_COMMON_BLOCKS = YES;
				GCC_OPTIMIZATION_LEVEL = 0;
				GCC_PREPROCESSOR_DEFINITIONS = (
					"DEBUG=1",
					"$(inherited)",
				);
				GCC_WARN_64_TO_32_BIT_CONVERSION = YES;
				GCC_WARN_ABOUT_RETURN_TYPE = YES_ERROR;
				GCC_WARN_UNDECLARED_SELECTOR = YES;
				GCC_WARN_UNINITIALIZED_AUTOS = YES_AGGRESSIVE;
				GCC_WARN_UNUSED_FUNCTION = YES;
				GCC_WARN_UNUSED_VARIABLE = YES;
				IPHONEOS_DEPLOYMENT_TARGET = 15.0;
				MTL_ENABLE_DEBUG_INFO = INCLUDE_SOURCE;
				MTL_FAST_MATH = YES;
				ONLY_ACTIVE_ARCH = YES;
				SDKROOT = iphoneos;
				SWIFT_ACTIVE_COMPILATION_CONDITIONS = DEBUG;
				SWIFT_OPTIMIZATION_LEVEL = "-Onone";
			};
			name = Debug;
		};
		99EE6A192718643200B0F613 /* Release */ = {
			isa = XCBuildConfiguration;
			buildSettings = {
				ALWAYS_SEARCH_USER_PATHS = NO;
				CLANG_ANALYZER_NONNULL = YES;
				CLANG_ANALYZER_NUMBER_OBJECT_CONVERSION = YES_AGGRESSIVE;
				CLANG_CXX_LANGUAGE_STANDARD = "gnu++17";
				CLANG_CXX_LIBRARY = "libc++";
				CLANG_ENABLE_MODULES = YES;
				CLANG_ENABLE_OBJC_ARC = YES;
				CLANG_ENABLE_OBJC_WEAK = YES;
				CLANG_WARN_BLOCK_CAPTURE_AUTORELEASING = YES;
				CLANG_WARN_BOOL_CONVERSION = YES;
				CLANG_WARN_COMMA = YES;
				CLANG_WARN_CONSTANT_CONVERSION = YES;
				CLANG_WARN_DEPRECATED_OBJC_IMPLEMENTATIONS = YES;
				CLANG_WARN_DIRECT_OBJC_ISA_USAGE = YES_ERROR;
				CLANG_WARN_DOCUMENTATION_COMMENTS = YES;
				CLANG_WARN_EMPTY_BODY = YES;
				CLANG_WARN_ENUM_CONVERSION = YES;
				CLANG_WARN_INFINITE_RECURSION = YES;
				CLANG_WARN_INT_CONVERSION = YES;
				CLANG_WARN_NON_LITERAL_NULL_CONVERSION = YES;
				CLANG_WARN_OBJC_IMPLICIT_RETAIN_SELF = YES;
				CLANG_WARN_OBJC_LITERAL_CONVERSION = YES;
				CLANG_WARN_OBJC_ROOT_CLASS = YES_ERROR;
				CLANG_WARN_QUOTED_INCLUDE_IN_FRAMEWORK_HEADER = YES;
				CLANG_WARN_RANGE_LOOP_ANALYSIS = YES;
				CLANG_WARN_STRICT_PROTOTYPES = YES;
				CLANG_WARN_SUSPICIOUS_MOVE = YES;
				CLANG_WARN_UNGUARDED_AVAILABILITY = YES_AGGRESSIVE;
				CLANG_WARN_UNREACHABLE_CODE = YES;
				CLANG_WARN__DUPLICATE_METHOD_MATCH = YES;
				COPY_PHASE_STRIP = NO;
				DEBUG_INFORMATION_FORMAT = "dwarf-with-dsym";
				ENABLE_NS_ASSERTIONS = NO;
				ENABLE_STRICT_OBJC_MSGSEND = YES;
				GCC_C_LANGUAGE_STANDARD = gnu11;
				GCC_NO_COMMON_BLOCKS = YES;
				GCC_WARN_64_TO_32_BIT_CONVERSION = YES;
				GCC_WARN_ABOUT_RETURN_TYPE = YES_ERROR;
				GCC_WARN_UNDECLARED_SELECTOR = YES;
				GCC_WARN_UNINITIALIZED_AUTOS = YES_AGGRESSIVE;
				GCC_WARN_UNUSED_FUNCTION = YES;
				GCC_WARN_UNUSED_VARIABLE = YES;
				IPHONEOS_DEPLOYMENT_TARGET = 15.0;
				MTL_ENABLE_DEBUG_INFO = NO;
				MTL_FAST_MATH = YES;
				SDKROOT = iphoneos;
				SWIFT_COMPILATION_MODE = wholemodule;
				SWIFT_OPTIMIZATION_LEVEL = "-O";
				VALIDATE_PRODUCT = YES;
			};
			name = Release;
		};
		99EE6A1B2718643200B0F613 /* Debug */ = {
			isa = XCBuildConfiguration;
			buildSettings = {
				ASSETCATALOG_COMPILER_APPICON_NAME = AppIcon;
				ASSETCATALOG_COMPILER_GLOBAL_ACCENT_COLOR_NAME = AccentColor;
				CODE_SIGN_STYLE = Automatic;
				CURRENT_PROJECT_VERSION = 1;
				DEVELOPMENT_ASSET_PATHS = "\"SwiftUI Starter/Preview Content\"";
				DEVELOPMENT_TEAM = 9AR5WFV9N9;
				ENABLE_PREVIEWS = YES;
				GENERATE_INFOPLIST_FILE = YES;
				INFOPLIST_KEY_UIApplicationSceneManifest_Generation = YES;
				INFOPLIST_KEY_UIApplicationSupportsIndirectInputEvents = YES;
				INFOPLIST_KEY_UILaunchScreen_Generation = YES;
				INFOPLIST_KEY_UISupportedInterfaceOrientations_iPad = "UIInterfaceOrientationPortrait UIInterfaceOrientationPortraitUpsideDown UIInterfaceOrientationLandscapeLeft UIInterfaceOrientationLandscapeRight";
				INFOPLIST_KEY_UISupportedInterfaceOrientations_iPhone = "UIInterfaceOrientationPortrait UIInterfaceOrientationLandscapeLeft UIInterfaceOrientationLandscapeRight";
				IPHONEOS_DEPLOYMENT_TARGET = 15.0;
				LD_RUNPATH_SEARCH_PATHS = (
					"$(inherited)",
					"@executable_path/Frameworks",
				);
				MARKETING_VERSION = 1.0;
				PRODUCT_BUNDLE_IDENTIFIER = "ca.emilyliang.SwiftUI-Starter";
				PRODUCT_NAME = "$(TARGET_NAME)";
				SWIFT_EMIT_LOC_STRINGS = YES;
				SWIFT_VERSION = 5.0;
				TARGETED_DEVICE_FAMILY = "1,2";
			};
			name = Debug;
		};
		99EE6A1C2718643200B0F613 /* Release */ = {
			isa = XCBuildConfiguration;
			buildSettings = {
				ASSETCATALOG_COMPILER_APPICON_NAME = AppIcon;
				ASSETCATALOG_COMPILER_GLOBAL_ACCENT_COLOR_NAME = AccentColor;
				CODE_SIGN_STYLE = Automatic;
				CURRENT_PROJECT_VERSION = 1;
				DEVELOPMENT_ASSET_PATHS = "\"SwiftUI Starter/Preview Content\"";
				DEVELOPMENT_TEAM = 9AR5WFV9N9;
				ENABLE_PREVIEWS = YES;
				GENERATE_INFOPLIST_FILE = YES;
				INFOPLIST_KEY_UIApplicationSceneManifest_Generation = YES;
				INFOPLIST_KEY_UIApplicationSupportsIndirectInputEvents = YES;
				INFOPLIST_KEY_UILaunchScreen_Generation = YES;
				INFOPLIST_KEY_UISupportedInterfaceOrientations_iPad = "UIInterfaceOrientationPortrait UIInterfaceOrientationPortraitUpsideDown UIInterfaceOrientationLandscapeLeft UIInterfaceOrientationLandscapeRight";
				INFOPLIST_KEY_UISupportedInterfaceOrientations_iPhone = "UIInterfaceOrientationPortrait UIInterfaceOrientationLandscapeLeft UIInterfaceOrientationLandscapeRight";
				IPHONEOS_DEPLOYMENT_TARGET = 15.0;
				LD_RUNPATH_SEARCH_PATHS = (
					"$(inherited)",
					"@executable_path/Frameworks",
				);
				MARKETING_VERSION = 1.0;
				PRODUCT_BUNDLE_IDENTIFIER = "ca.emilyliang.SwiftUI-Starter";
				PRODUCT_NAME = "$(TARGET_NAME)";
				SWIFT_EMIT_LOC_STRINGS = YES;
				SWIFT_VERSION = 5.0;
				TARGETED_DEVICE_FAMILY = "1,2";
			};
			name = Release;
		};
/* End XCBuildConfiguration section */

/* Begin XCConfigurationList section */
		99EE6A072718642B00B0F613 /* Build configuration list for PBXProject "SwiftUI Starter" */ = {
			isa = XCConfigurationList;
			buildConfigurations = (
				99EE6A182718643200B0F613 /* Debug */,
				99EE6A192718643200B0F613 /* Release */,
			);
			defaultConfigurationIsVisible = 0;
			defaultConfigurationName = Release;
		};
		99EE6A1A2718643200B0F613 /* Build configuration list for PBXNativeTarget "SwiftUI Starter" */ = {
			isa = XCConfigurationList;
			buildConfigurations = (
				99EE6A1B2718643200B0F613 /* Debug */,
				99EE6A1C2718643200B0F613 /* Release */,
			);
			defaultConfigurationIsVisible = 0;
			defaultConfigurationName = Release;
		};
/* End XCConfigurationList section */
	};
	rootObject = 99EE6A042718642B00B0F613 /* Project object */;
}
